
Microsoft Visual Studio Solution File, Format Version 12.00
# Visual Studio Version 17
VisualStudioVersion = 17.5.33103.201
MinimumVisualStudioVersion = 10.0.40219.1
Project("{2150E333-8FDC-42A3-9474-1A3956D46DE8}") = "Creational Patterns", "Creational Patterns", "{33BCCA00-E82A-48F7-BBD4-3E30B40D9B90}"
EndProject
Project("{FAE04EC0-301F-11D3-BF4B-00C04F79EFBC}") = "Singleton", "Creational\Singleton\Singleton.csproj", "{305DD44B-0E86-4C84-8A73-2B3E8FC7CFE7}"
EndProject
Global
	GlobalSection(SolutionConfigurationPlatforms) = preSolution
		Debug|Any CPU = Debug|Any CPU
		Release|Any CPU = Release|Any CPU
	EndGlobalSection
	GlobalSection(ProjectConfigurationPlatforms) = postSolution
		{305DD44B-0E86-4C84-8A73-2B3E8FC7CFE7}.Debug|Any CPU.ActiveCfg = Debug|Any CPU
		{305DD44B-0E86-4C84-8A73-2B3E8FC7CFE7}.Debug|Any CPU.Build.0 = Debug|Any CPU
		{305DD44B-0E86-4C84-8A73-2B3E8FC7CFE7}.Release|Any CPU.ActiveCfg = Release|Any CPU
		{305DD44B-0E86-4C84-8A73-2B3E8FC7CFE7}.Release|Any CPU.Build.0 = Release|Any CPU
	EndGlobalSection
	GlobalSection(SolutionProperties) = preSolution
		HideSolutionNode = FALSE
	EndGlobalSection
	GlobalSection(NestedProjects) = preSolution
		{305DD44B-0E86-4C84-8A73-2B3E8FC7CFE7} = {33BCCA00-E82A-48F7-BBD4-3E30B40D9B90}
	EndGlobalSection
	GlobalSection(ExtensibilityGlobals) = postSolution
		SolutionGuid = {FCBB1EC6-6828-4973-8956-55FE61FF67DD}
	EndGlobalSection
EndGlobal
