
Microsoft Visual Studio Solution File, Format Version 12.00
# Visual Studio Version 17
VisualStudioVersion = 17.5.33103.201
MinimumVisualStudioVersion = 10.0.40219.1
Project("{2150E333-8FDC-42A3-9474-1A3956D46DE8}") = "Creational", "Creational", "{27153E7A-C43B-4115-9F81-BA2FD7C36AEE}"
EndProject
Project("{FAE04EC0-301F-11D3-BF4B-00C04F79EFBC}") = "Prototype", "Creational\Prototype\Prototype.csproj", "{73C4E174-F26C-4E33-9292-85F06E7CD4F4}"
EndProject
Global
	GlobalSection(SolutionConfigurationPlatforms) = preSolution
		Debug|Any CPU = Debug|Any CPU
		Release|Any CPU = Release|Any CPU
	EndGlobalSection
	GlobalSection(ProjectConfigurationPlatforms) = postSolution
		{73C4E174-F26C-4E33-9292-85F06E7CD4F4}.Debug|Any CPU.ActiveCfg = Debug|Any CPU
		{73C4E174-F26C-4E33-9292-85F06E7CD4F4}.Debug|Any CPU.Build.0 = Debug|Any CPU
		{73C4E174-F26C-4E33-9292-85F06E7CD4F4}.Release|Any CPU.ActiveCfg = Release|Any CPU
		{73C4E174-F26C-4E33-9292-85F06E7CD4F4}.Release|Any CPU.Build.0 = Release|Any CPU
	EndGlobalSection
	GlobalSection(SolutionProperties) = preSolution
		HideSolutionNode = FALSE
	EndGlobalSection
	GlobalSection(NestedProjects) = preSolution
		{73C4E174-F26C-4E33-9292-85F06E7CD4F4} = {27153E7A-C43B-4115-9F81-BA2FD7C36AEE}
	EndGlobalSection
	GlobalSection(ExtensibilityGlobals) = postSolution
		SolutionGuid = {FCBB1EC6-6828-4973-8956-55FE61FF67DD}
	EndGlobalSection
EndGlobal
